{
  "name": "pdf-to-text",
  "version": "1.0.0",
  "lockfileVersion": 1,
  "requires": true,
  "dependencies": {
    "get-node-named-cli-args": {
      "version": "1.0.1",
      "resolved": "https://registry.npmjs.org/get-node-named-cli-args/-/get-node-named-cli-args-1.0.1.tgz",
      "integrity": "sha512-E5Y4Gb95TW9rUkbDKU1csPddEgER6TsNOSG8NUYryAyz5a4J7gwi7oqgZNBqV28hG15UVD1ULEikJ1RCynEM5g=="
    },
    "pdfjs-dist": {
      "version": "2.10.377",
      "resolved": "https://registry.npmjs.org/pdfjs-dist/-/pdfjs-dist-2.10.377.tgz",
      "integrity": "sha512-i0jRShtvgfsVQUNCoFYH4SVhPO3U0yhtiFLfZ0RR0B+68N+Vnwq+8B3cjWjLEwWGh8wg1XQ/sYMYKUlHn/Qpsw=="
    }
  }
}
